// !$*UTF8*$!
{
	archiveVersion = 1;
	classes = {
	};
	objectVersion = 77;
	objects = {

/* Begin PBXBuildFile section */
		2AE06ACEF415ABBDE25F5007 /* Kingfisher in Frameworks */ = {isa = PBXBuildFile; productRef = 8051F2C36C777140B1A3B74C /* Kingfisher */; };
		2B76E13184DD7D6DDA0D338A /* Parchment in Frameworks */ = {isa = PBXBuildFile; productRef = 38CFB0EED44EBD8EFE98641D /* Parchment */; };
		79A9049C954C4F116D80085C /* DGCharts in Frameworks */ = {isa = PBXBuildFile; productRef = E72F8CA4961124654C9D1E79 /* DGCharts */; };
		A2A999BF1C4CA48B50055800 /* Shimmer in Frameworks */ = {isa = PBXBuildFile; productRef = A2CB817671A83800B95F9D35 /* Shimmer */; };
		E33F93D2CF408545E83F1EC2 /* Lottie in Frameworks */ = {isa = PBXBuildFile; productRef = 0128834624A37D8502B64B87 /* Lottie */; };
		WIDG00040000000000000001 /* FilmVaultWidgetExtension.appex in Embed Foundation Extensions */ = {isa = PBXBuildFile; fileRef = WIDG00050000000000000001 /* FilmVaultWidgetExtension.appex */; settings = {ATTRIBUTES = (RemoveHeadersOnCopy, ); }; };
/* End PBXBuildFile section */

/* Begin PBXContainerItemProxy section */
		WIDG00010000000000000001 /* PBXContainerItemProxy */ = {
			isa = PBXContainerItemProxy;
			containerPortal = 1F82E6DE2FCEFA1300058D29 /* Project object */;
			proxyType = 1;
			remoteGlobalIDString = WIDG00020000000000000001;
			remoteInfo = FilmVaultWidgetExtension;
		};
/* End PBXContainerItemProxy section */

/* Begin PBXCopyFilesBuildPhase section */
		WIDG00030000000000000001 /* Embed Foundation Extensions */ = {
			isa = PBXCopyFilesBuildPhase;
			buildActionMask = 2147483647;
			dstPath = "";
			dstSubfolderSpec = 13;
			files = (
				WIDG00040000000000000001 /* FilmVaultWidgetExtension.appex in Embed Foundation Extensions */,
			);
			name = "Embed Foundation Extensions";
			runOnlyForDeploymentPostprocessing = 0;
		};
/* End PBXCopyFilesBuildPhase section */

/* Begin PBXFileReference section */
		1F82E6E62FCEFA1300058D29 /* FilmVault.app */ = {isa = PBXFileReference; explicitFileType = wrapper.application; includeInIndex = 0; path = FilmVault.app; sourceTree = BUILT_PRODUCTS_DIR; };
		WIDG00050000000000000001 /* FilmVaultWidgetExtension.appex */ = {isa = PBXFileReference; explicitFileType = "wrapper.app-extension"; includeInIndex = 0; path = FilmVaultWidgetExtension.appex; sourceTree = BUILT_PRODUCTS_DIR; };
/* End PBXFileReference section */

/* Begin PBXFileSystemSynchronizedRootGroup section */
		1F82E6E82FCEFA1300058D29 /* follback */ = {
			isa = PBXFileSystemSynchronizedRootGroup;
			exceptions = (
			);
			path = follback;
			sourceTree = "<group>";
		};
		WIDG00060000000000000001 /* FilmVaultWidget */ = {
			isa = PBXFileSystemSynchronizedRootGroup;
			exceptions = (
			);
			path = FilmVaultWidget;
			sourceTree = "<group>";
		};
/* End PBXFileSystemSynchronizedRootGroup section */

/* Begin PBXFrameworksBuildPhase section */
		1F82E6E32FCEFA1300058D29 /* Frameworks */ = {
			isa = PBXFrameworksBuildPhase;
			buildActionMask = 2147483647;
			files = (
				E33F93D2CF408545E83F1EC2 /* Lottie in Frameworks */,
				2AE06ACEF415ABBDE25F5007 /* Kingfisher in Frameworks */,
				79A9049C954C4F116D80085C /* DGCharts in Frameworks */,
				2B76E13184DD7D6DDA0D338A /* Parchment in Frameworks */,
				A2A999BF1C4CA48B50055800 /* Shimmer in Frameworks */,
			);
			runOnlyForDeploymentPostprocessing = 0;
		};
		WIDG00070000000000000001 /* Frameworks */ = {
			isa = PBXFrameworksBuildPhase;
			buildActionMask = 2147483647;
			files = (
			);
			runOnlyForDeploymentPostprocessing = 0;
		};
/* End PBXFrameworksBuildPhase section */

/* Begin PBXGroup section */
		1F82E6DD2FCEFA1300058D29 = {
			isa = PBXGroup;
			children = (
				1F82E6E82FCEFA1300058D29 /* follback */,
				WIDG00060000000000000001 /* FilmVaultWidget */,
				1F82E6E72FCEFA1300058D29 /* Products */,
			);
			sourceTree = "<group>";
		};
		1F82E6E72FCEFA1300058D29 /* Products */ = {
			isa = PBXGroup;
			children = (
				1F82E6E62FCEFA1300058D29 /* FilmVault.app */,
				WIDG00050000000000000001 /* FilmVaultWidgetExtension.appex */,
			);
			name = Products;
			sourceTree = "<group>";
		};
/* End PBXGroup section */

/* Begin PBXNativeTarget section */
		1F82E6E52FCEFA1300058D29 /* FilmVault */ = {
			isa = PBXNativeTarget;
			buildConfigurationList = 1F82E6F32FCEFA1500058D29 /* Build configuration list for PBXNativeTarget "FilmVault" */;
			buildPhases = (
				1F82E6E22FCEFA1300058D29 /* Sources */,
				1F82E6E32FCEFA1300058D29 /* Frameworks */,
				1F82E6E42FCEFA1300058D29 /* Resources */,
				WIDG00030000000000000001 /* Embed Foundation Extensions */,
			);
			buildRules = (
			);
			dependencies = (
				WIDG00080000000000000001 /* PBXTargetDependency */,
			);
			fileSystemSynchronizedGroups = (
				1F82E6E82FCEFA1300058D29 /* follback */,
			);
			name = FilmVault;
			packageProductDependencies = (
				0128834624A37D8502B64B87 /* Lottie */,
				8051F2C36C777140B1A3B74C /* Kingfisher */,
				E72F8CA4961124654C9D1E79 /* DGCharts */,
				38CFB0EED44EBD8EFE98641D /* Parchment */,
				A2CB817671A83800B95F9D35 /* Shimmer */,
			);
			productName = FilmVault;
			productReference = 1F82E6E62FCEFA1300058D29 /* FilmVault.app */;
			productType = "com.apple.product-type.application";
		};
		WIDG00020000000000000001 /* FilmVaultWidgetExtension */ = {
			isa = PBXNativeTarget;
			buildConfigurationList = WIDG00090000000000000001 /* Build configuration list for PBXNativeTarget "FilmVaultWidgetExtension" */;
			buildPhases = (
				WIDG000A0000000000000001 /* Sources */,
				WIDG00070000000000000001 /* Frameworks */,
				WIDG000B0000000000000001 /* Resources */,
			);
			buildRules = (
			);
			dependencies = (
			);
			fileSystemSynchronizedGroups = (
				WIDG00060000000000000001 /* FilmVaultWidget */,
			);
			name = FilmVaultWidgetExtension;
			productName = FilmVaultWidgetExtension;
			productReference = WIDG00050000000000000001 /* FilmVaultWidgetExtension.appex */;
			productType = "com.apple.product-type.app-extension";
		};
/* End PBXNativeTarget section */

/* Begin PBXProject section */
		1F82E6DE2FCEFA1300058D29 /* Project object */ = {
			isa = PBXProject;
			attributes = {
				BuildIndependentTargetsInParallel = 1;
				LastSwiftUpdateCheck = 2650;
				LastUpgradeCheck = 2650;
				TargetAttributes = {
					1F82E6E52FCEFA1300058D29 = {
						CreatedOnToolsVersion = 26.5;
					};
					WIDG00020000000000000001 = {
						CreatedOnToolsVersion = 26.5;
					};
				};
			};
			buildConfigurationList = 1F82E6E12FCEFA1300058D29 /* Build configuration list for PBXProject "FilmVault" */;
			developmentRegion = en;
			hasScannedForEncodings = 0;
			knownRegions = (
				en,
				Base,
			);
			mainGroup = 1F82E6DD2FCEFA1300058D29;
			minimizedProjectReferenceProxies = 1;
			packageReferences = (
				EC41D159AC081C29BFE1A744 /* XCRemoteSwiftPackageReference "lottie-ios" */,
				9CF83366B038267730681117 /* XCRemoteSwiftPackageReference "Kingfisher" */,
				C0F50F5ACED83F0403DCBE2D /* XCRemoteSwiftPackageReference "Charts" */,
				62326DF2B82396DE405C92E3 /* XCRemoteSwiftPackageReference "Parchment" */,
				FBBB144B5675088EA8005FE4 /* XCRemoteSwiftPackageReference "SwiftUI-Shimmer" */,
			);
			preferredProjectObjectVersion = 77;
			productRefGroup = 1F82E6E72FCEFA1300058D29 /* Products */;
			projectDirPath = "";
			projectRoot = "";
			targets = (
				1F82E6E52FCEFA1300058D29 /* FilmVault */,
				WIDG00020000000000000001 /* FilmVaultWidgetExtension */,
			);
		};
/* End PBXProject section */

/* Begin PBXResourcesBuildPhase section */
		1F82E6E42FCEFA1300058D29 /* Resources */ = {
			isa = PBXResourcesBuildPhase;
			buildActionMask = 2147483647;
			files = (
			);
			runOnlyForDeploymentPostprocessing = 0;
		};
		WIDG000B0000000000000001 /* Resources */ = {
			isa = PBXResourcesBuildPhase;
			buildActionMask = 2147483647;
			files = (
			);
			runOnlyForDeploymentPostprocessing = 0;
		};
/* End PBXResourcesBuildPhase section */

/* Begin PBXSourcesBuildPhase section */
		1F82E6E22FCEFA1300058D29 /* Sources */ = {
			isa = PBXSourcesBuildPhase;
			buildActionMask = 2147483647;
			files = (
			);
			runOnlyForDeploymentPostprocessing = 0;
		};
		WIDG000A0000000000000001 /* Sources */ = {
			isa = PBXSourcesBuildPhase;
			buildActionMask = 2147483647;
			files = (
			);
			runOnlyForDeploymentPostprocessing = 0;
		};
/* End PBXSourcesBuildPhase section */

/* Begin PBXTargetDependency section */
		WIDG00080000000000000001 /* PBXTargetDependency */ = {
			isa = PBXTargetDependency;
			target = WIDG00020000000000000001 /* FilmVaultWidgetExtension */;
			targetProxy = WIDG00010000000000000001 /* PBXContainerItemProxy */;
		};
/* End PBXTargetDependency section */

/* Begin XCBuildConfiguration section */
		1F82E6F12FCEFA1500058D29 /* Debug */ = {
			isa = XCBuildConfiguration;
			buildSettings = {
				ALWAYS_SEARCH_USER_PATHS = NO;
				ASSETCATALOG_COMPILER_GENERATE_SWIFT_ASSET_SYMBOL_EXTENSIONS = YES;
				CLANG_ANALYZER_NONNULL = YES;
				CLANG_ANALYZER_NUMBER_OBJECT_CONVERSION = YES_AGGRESSIVE;
				CLANG_CXX_LANGUAGE_STANDARD = "gnu++20";
				CLANG_ENABLE_MODULES = YES;
				CLANG_ENABLE_OBJC_ARC = YES;
				CLANG_ENABLE_OBJC_WEAK = YES;
				CLANG_WARN_BLOCK_CAPTURE_AUTORELEASING = YES;
				CLANG_WARN_BOOL_CONVERSION = YES;
				CLANG_WARN_COMMA = YES;
				CLANG_WARN_CONSTANT_CONVERSION = YES;
				CLANG_WARN_DEPRECATED_OBJC_IMPLEMENTATIONS = YES;
				CLANG_WARN_DIRECT_OBJC_ISA_USAGE = YES_ERROR;
				CLANG_WARN_DOCUMENTATION_COMMENTS = YES;
				CLANG_WARN_EMPTY_BODY = YES;
				CLANG_WARN_ENUM_CONVERSION = YES;
				CLANG_WARN_INFINITE_RECURSION = YES;
				CLANG_WARN_INT_CONVERSION = YES;
				CLANG_WARN_NON_LITERAL_NULL_CONVERSION = YES;
				CLANG_WARN_OBJC_IMPLICIT_RETAIN_SELF = YES;
				CLANG_WARN_OBJC_LITERAL_CONVERSION = YES;
				CLANG_WARN_OBJC_ROOT_CLASS = YES_ERROR;
				CLANG_WARN_QUOTED_INCLUDE_IN_FRAMEWORK_HEADER = YES;
				CLANG_WARN_RANGE_LOOP_ANALYSIS = YES;
				CLANG_WARN_STRICT_PROTOTYPES = YES;
				CLANG_WARN_SUSPICIOUS_MOVE = YES;
				CLANG_WARN_UNGUARDED_AVAILABILITY = YES_AGGRESSIVE;
				CLANG_WARN_UNREACHABLE_CODE = YES;
				CLANG_WARN__DUPLICATE_METHOD_MATCH = YES;
				COPY_PHASE_STRIP = NO;
				DEBUG_INFORMATION_FORMAT = dwarf;
				DEVELOPMENT_TEAM = RV2GXBQQP2;
				ENABLE_STRICT_OBJC_MSGSEND = YES;
				ENABLE_TESTABILITY = YES;
				ENABLE_USER_SCRIPT_SANDBOXING = YES;
				GCC_C_LANGUAGE_STANDARD = gnu17;
				GCC_DYNAMIC_NO_PIC = NO;
				GCC_NO_COMMON_BLOCKS = YES;
				GCC_OPTIMIZATION_LEVEL = 0;
				GCC_PREPROCESSOR_DEFINITIONS = (
					"DEBUG=1",
					"$(inherited)",
				);
				GCC_WARN_64_TO_32_BIT_CONVERSION = YES;
				GCC_WARN_ABOUT_RETURN_TYPE = YES_ERROR;
				GCC_WARN_UNDECLARED_SELECTOR = YES;
				GCC_WARN_UNINITIALIZED_AUTOS = YES_AGGRESSIVE;
				GCC_WARN_UNUSED_FUNCTION = YES;
				GCC_WARN_UNUSED_VARIABLE = YES;
				IPHONEOS_DEPLOYMENT_TARGET = 26.5;
				LOCALIZATION_PREFERS_STRING_CATALOGS = YES;
				MTL_ENABLE_DEBUG_INFO = INCLUDE_SOURCE;
				MTL_FAST_MATH = YES;
				ONLY_ACTIVE_ARCH = YES;
				SDKROOT = iphoneos;
				SWIFT_ACTIVE_COMPILATION_CONDITIONS = "DEBUG $(inherited)";
				SWIFT_OPTIMIZATION_LEVEL = "-Onone";
			};
			name = Debug;
		};
		1F82E6F22FCEFA1500058D29 /* Release */ = {
			isa = XCBuildConfiguration;
			buildSettings = {
				ALWAYS_SEARCH_USER_PATHS = NO;
				ASSETCATALOG_COMPILER_GENERATE_SWIFT_ASSET_SYMBOL_EXTENSIONS = YES;
				CLANG_ANALYZER_NONNULL = YES;
				CLANG_ANALYZER_NUMBER_OBJECT_CONVERSION = YES_AGGRESSIVE;
				CLANG_CXX_LANGUAGE_STANDARD = "gnu++20";
				CLANG_ENABLE_MODULES = YES;
				CLANG_ENABLE_OBJC_ARC = YES;
				CLANG_ENABLE_OBJC_WEAK = YES;
				CLANG_WARN_BLOCK_CAPTURE_AUTORELEASING = YES;
				CLANG_WARN_BOOL_CONVERSION = YES;
				CLANG_WARN_COMMA = YES;
				CLANG_WARN_CONSTANT_CONVERSION = YES;
				CLANG_WARN_DEPRECATED_OBJC_IMPLEMENTATIONS = YES;
				CLANG_WARN_DIRECT_OBJC_ISA_USAGE = YES_ERROR;
				CLANG_WARN_DOCUMENTATION_COMMENTS = YES;
				CLANG_WARN_EMPTY_BODY = YES;
				CLANG_WARN_ENUM_CONVERSION = YES;
				CLANG_WARN_INFINITE_RECURSION = YES;
				CLANG_WARN_INT_CONVERSION = YES;
				CLANG_WARN_NON_LITERAL_NULL_CONVERSION = YES;
				CLANG_WARN_OBJC_IMPLICIT_RETAIN_SELF = YES;
				CLANG_WARN_OBJC_LITERAL_CONVERSION = YES;
				CLANG_WARN_OBJC_ROOT_CLASS = YES_ERROR;
				CLANG_WARN_QUOTED_INCLUDE_IN_FRAMEWORK_HEADER = YES;
				CLANG_WARN_RANGE_LOOP_ANALYSIS = YES;
				CLANG_WARN_STRICT_PROTOTYPES = YES;
				CLANG_WARN_SUSPICIOUS_MOVE = YES;
				CLANG_WARN_UNGUARDED_AVAILABILITY = YES_AGGRESSIVE;
				CLANG_WARN_UNREACHABLE_CODE = YES;
				CLANG_WARN__DUPLICATE_METHOD_MATCH = YES;
				COPY_PHASE_STRIP = NO;
				DEBUG_INFORMATION_FORMAT = "dwarf-with-dsym";
				DEVELOPMENT_TEAM = RV2GXBQQP2;
				ENABLE_NS_ASSERTIONS = NO;
				ENABLE_STRICT_OBJC_MSGSEND = YES;
				ENABLE_USER_SCRIPT_SANDBOXING = YES;
				GCC_C_LANGUAGE_STANDARD = gnu17;
				GCC_NO_COMMON_BLOCKS = YES;
				GCC_WARN_64_TO_32_BIT_CONVERSION = YES;
				GCC_WARN_ABOUT_RETURN_TYPE = YES_ERROR;
				GCC_WARN_UNDECLARED_SELECTOR = YES;
				GCC_WARN_UNINITIALIZED_AUTOS = YES_AGGRESSIVE;
				GCC_WARN_UNUSED_FUNCTION = YES;
				GCC_WARN_UNUSED_VARIABLE = YES;
				IPHONEOS_DEPLOYMENT_TARGET = 26.5;
				LOCALIZATION_PREFERS_STRING_CATALOGS = YES;
				MTL_ENABLE_DEBUG_INFO = NO;
				MTL_FAST_MATH = YES;
				SDKROOT = iphoneos;
				SWIFT_COMPILATION_MODE = wholemodule;
				VALIDATE_PRODUCT = YES;
			};
			name = Release;
		};
		1F82E6F42FCEFA1500058D29 /* Debug */ = {
			isa = XCBuildConfiguration;
			buildSettings = {
				ASSETCATALOG_COMPILER_APPICON_NAME = AppIcon;
				ASSETCATALOG_COMPILER_GLOBAL_ACCENT_COLOR_NAME = AccentColor;
				CODE_SIGN_STYLE = Automatic;
				CURRENT_PROJECT_VERSION = 48;
				DEVELOPMENT_TEAM = RV2GXBQQP2;
				ENABLE_PREVIEWS = YES;
				GENERATE_INFOPLIST_FILE = YES;
				INFOPLIST_FILE = Info.plist;
				INFOPLIST_KEY_UIApplicationSceneManifest_Generation = YES;
				INFOPLIST_KEY_UIApplicationSupportsIndirectInputEvents = YES;
				INFOPLIST_KEY_UILaunchScreen_Generation = YES;
				INFOPLIST_KEY_UISupportedInterfaceOrientations = UIInterfaceOrientationPortrait;
				INFOPLIST_KEY_UISupportedInterfaceOrientations_iPad = UIInterfaceOrientationPortrait;
				INFOPLIST_KEY_UISupportedInterfaceOrientations_iPhone = UIInterfaceOrientationPortrait;
				IPHONEOS_DEPLOYMENT_TARGET = 26.0;
				LD_RUNPATH_SEARCH_PATHS = (
					"$(inherited)",
					"@executable_path/Frameworks",
				);
				MARKETING_VERSION = 1.0.48;
				PRODUCT_BUNDLE_IDENTIFIER = com.williamcachamwri.FilmVault;
				PRODUCT_NAME = "$(TARGET_NAME)";
				STRING_CATALOG_GENERATE_SYMBOLS = YES;
				SWIFT_APPROACHABLE_CONCURRENCY = YES;
				SWIFT_DEFAULT_ACTOR_ISOLATION = MainActor;
				SWIFT_EMIT_LOC_STRINGS = YES;
				SWIFT_UPCOMING_FEATURE_MEMBER_IMPORT_VISIBILITY = YES;
				SWIFT_VERSION = 5.0;
				TARGETED_DEVICE_FAMILY = "1,2";
			};
			name = Debug;
		};
		1F82E6F52FCEFA1500058D29 /* Release */ = {
			isa = XCBuildConfiguration;
			buildSettings = {
				ASSETCATALOG_COMPILER_APPICON_NAME = AppIcon;
				ASSETCATALOG_COMPILER_GLOBAL_ACCENT_COLOR_NAME = AccentColor;
				CODE_SIGN_STYLE = Automatic;
				CURRENT_PROJECT_VERSION = 48;
				DEVELOPMENT_TEAM = RV2GXBQQP2;
				ENABLE_PREVIEWS = YES;
				GENERATE_INFOPLIST_FILE = YES;
				INFOPLIST_FILE = Info.plist;
				INFOPLIST_KEY_UIApplicationSceneManifest_Generation = YES;
				INFOPLIST_KEY_UIApplicationSupportsIndirectInputEvents = YES;
				INFOPLIST_KEY_UILaunchScreen_Generation = YES;
				INFOPLIST_KEY_UISupportedInterfaceOrientations = UIInterfaceOrientationPortrait;
				INFOPLIST_KEY_UISupportedInterfaceOrientations_iPad = UIInterfaceOrientationPortrait;
				INFOPLIST_KEY_UISupportedInterfaceOrientations_iPhone = UIInterfaceOrientationPortrait;
				IPHONEOS_DEPLOYMENT_TARGET = 26.0;
				LD_RUNPATH_SEARCH_PATHS = (
					"$(inherited)",
					"@executable_path/Frameworks",
				);
				MARKETING_VERSION = 1.0.48;
				PRODUCT_BUNDLE_IDENTIFIER = com.williamcachamwri.FilmVault;
				PRODUCT_NAME = "$(TARGET_NAME)";
				STRING_CATALOG_GENERATE_SYMBOLS = YES;
				SWIFT_APPROACHABLE_CONCURRENCY = YES;
				SWIFT_DEFAULT_ACTOR_ISOLATION = MainActor;
				SWIFT_EMIT_LOC_STRINGS = YES;
				SWIFT_UPCOMING_FEATURE_MEMBER_IMPORT_VISIBILITY = YES;
				SWIFT_VERSION = 5.0;
				TARGETED_DEVICE_FAMILY = "1,2";
			};
			name = Release;
		};
		WIDG000C0000000000000001 /* Debug */ = {
			isa = XCBuildConfiguration;
			buildSettings = {
				ASSETCATALOG_COMPILER_GLOBAL_ACCENT_COLOR_NAME = AccentColor;
				CODE_SIGN_STYLE = Automatic;
				CURRENT_PROJECT_VERSION = 1;
				DEVELOPMENT_TEAM = RV2GXBQQP2;
				GENERATE_INFOPLIST_FILE = YES;
				INFOPLIST_FILE = FilmVaultWidget/Info.plist;
				INFOPLIST_KEY_CFBundleDisplayName = FilmVaultWidget;
				INFOPLIST_KEY_NSHumanReadableCopyright = "";
				IPHONEOS_DEPLOYMENT_TARGET = 26.0;
				LD_RUNPATH_SEARCH_PATHS = (
					"$(inherited)",
					"@executable_path/Frameworks",
					"@executable_path/../../Frameworks",
				);
				MARKETING_VERSION = 1.0;
				PRODUCT_BUNDLE_IDENTIFIER = com.williamcachamwri.FilmVault.widget;
				PRODUCT_NAME = "$(TARGET_NAME)";
				SKIP_INSTALL = YES;
				SWIFT_APPROACHABLE_CONCURRENCY = YES;
				SWIFT_DEFAULT_ACTOR_ISOLATION = MainActor;
				SWIFT_EMIT_LOC_STRINGS = YES;
				SWIFT_VERSION = 5.0;
				TARGETED_DEVICE_FAMILY = "1,2";
			};
			name = Debug;
		};
		WIDG000D0000000000000001 /* Release */ = {
			isa = XCBuildConfiguration;
			buildSettings = {
				ASSETCATALOG_COMPILER_GLOBAL_ACCENT_COLOR_NAME = AccentColor;
				CODE_SIGN_STYLE = Automatic;
				CURRENT_PROJECT_VERSION = 1;
				DEVELOPMENT_TEAM = RV2GXBQQP2;
				GENERATE_INFOPLIST_FILE = YES;
				INFOPLIST_FILE = FilmVaultWidget/Info.plist;
				INFOPLIST_KEY_CFBundleDisplayName = FilmVaultWidget;
				INFOPLIST_KEY_NSHumanReadableCopyright = "";
				IPHONEOS_DEPLOYMENT_TARGET = 26.0;
				LD_RUNPATH_SEARCH_PATHS = (
					"$(inherited)",
					"@executable_path/Frameworks",
					"@executable_path/../../Frameworks",
				);
				MARKETING_VERSION = 1.0;
				PRODUCT_BUNDLE_IDENTIFIER = com.williamcachamwri.FilmVault.widget;
				PRODUCT_NAME = "$(TARGET_NAME)";
				SKIP_INSTALL = YES;
				SWIFT_APPROACHABLE_CONCURRENCY = YES;
				SWIFT_DEFAULT_ACTOR_ISOLATION = MainActor;
				SWIFT_EMIT_LOC_STRINGS = YES;
				SWIFT_VERSION = 5.0;
				TARGETED_DEVICE_FAMILY = "1,2";
			};
			name = Release;
		};
/* End XCBuildConfiguration section */

/* Begin XCConfigurationList section */
		1F82E6E12FCEFA1300058D29 /* Build configuration list for PBXProject "FilmVault" */ = {
			isa = XCConfigurationList;
			buildConfigurations = (
				1F82E6F12FCEFA1500058D29 /* Debug */,
				1F82E6F22FCEFA1500058D29 /* Release */,
			);
			defaultConfigurationIsVisible = 0;
			defaultConfigurationName = Release;
		};
		1F82E6F32FCEFA1500058D29 /* Build configuration list for PBXNativeTarget "FilmVault" */ = {
			isa = XCConfigurationList;
			buildConfigurations = (
				1F82E6F42FCEFA1500058D29 /* Debug */,
				1F82E6F52FCEFA1500058D29 /* Release */,
			);
			defaultConfigurationIsVisible = 0;
			defaultConfigurationName = Release;
		};
		WIDG00090000000000000001 /* Build configuration list for PBXNativeTarget "FilmVaultWidgetExtension" */ = {
			isa = XCConfigurationList;
			buildConfigurations = (
				WIDG000C0000000000000001 /* Debug */,
				WIDG000D0000000000000001 /* Release */,
			);
			defaultConfigurationIsVisible = 0;
			defaultConfigurationName = Release;
		};
/* End XCConfigurationList section */

/* Begin XCRemoteSwiftPackageReference section */
		62326DF2B82396DE405C92E3 /* XCRemoteSwiftPackageReference "Parchment" */ = {
			isa = XCRemoteSwiftPackageReference;
			repositoryURL = "https://github.com/rechsteiner/Parchment.git";
			requirement = {
				kind = upToNextMajorVersion;
				minimumVersion = 3.0.0;
			};
		};
		9CF83366B038267730681117 /* XCRemoteSwiftPackageReference "Kingfisher" */ = {
			isa = XCRemoteSwiftPackageReference;
			repositoryURL = "https://github.com/onevcat/Kingfisher.git";
			requirement = {
				kind = upToNextMajorVersion;
				minimumVersion = 7.0.0;
			};
		};
		C0F50F5ACED83F0403DCBE2D /* XCRemoteSwiftPackageReference "Charts" */ = {
			isa = XCRemoteSwiftPackageReference;
			repositoryURL = "https://github.com/danielgindi/Charts.git";
			requirement = {
				kind = upToNextMajorVersion;
				minimumVersion = 5.0.0;
			};
		};
		EC41D159AC081C29BFE1A744 /* XCRemoteSwiftPackageReference "lottie-ios" */ = {
			isa = XCRemoteSwiftPackageReference;
			repositoryURL = "https://github.com/airbnb/lottie-ios.git";
			requirement = {
				kind = upToNextMajorVersion;
				minimumVersion = 4.0.0;
			};
		};
		FBBB144B5675088EA8005FE4 /* XCRemoteSwiftPackageReference "SwiftUI-Shimmer" */ = {
			isa = XCRemoteSwiftPackageReference;
			repositoryURL = "https://github.com/markiv/SwiftUI-Shimmer.git";
			requirement = {
				kind = upToNextMajorVersion;
				minimumVersion = 1.5.0;
			};
		};
/* End XCRemoteSwiftPackageReference section */

/* Begin XCSwiftPackageProductDependency section */
		0128834624A37D8502B64B87 /* Lottie */ = {
			isa = XCSwiftPackageProductDependency;
			package = EC41D159AC081C29BFE1A744 /* XCRemoteSwiftPackageReference "lottie-ios" */;
			productName = Lottie;
		};
		38CFB0EED44EBD8EFE98641D /* Parchment */ = {
			isa = XCSwiftPackageProductDependency;
			package = 62326DF2B82396DE405C92E3 /* XCRemoteSwiftPackageReference "Parchment" */;
			productName = Parchment;
		};
		8051F2C36C777140B1A3B74C /* Kingfisher */ = {
			isa = XCSwiftPackageProductDependency;
			package = 9CF83366B038267730681117 /* XCRemoteSwiftPackageReference "Kingfisher" */;
			productName = Kingfisher;
		};
		A2CB817671A83800B95F9D35 /* Shimmer */ = {
			isa = XCSwiftPackageProductDependency;
			package = FBBB144B5675088EA8005FE4 /* XCRemoteSwiftPackageReference "SwiftUI-Shimmer" */;
			productName = Shimmer;
		};
		E72F8CA4961124654C9D1E79 /* DGCharts */ = {
			isa = XCSwiftPackageProductDependency;
			package = C0F50F5ACED83F0403DCBE2D /* XCRemoteSwiftPackageReference "Charts" */;
			productName = DGCharts;
		};
/* End XCSwiftPackageProductDependency section */
	};
	rootObject = 1F82E6DE2FCEFA1300058D29 /* Project object */;
}
